// !$*UTF8*$!
{
	archiveVersion = 1;
	classes = {
	};
	objectVersion = 77;
	objects = {

/* Begin PBXBuildFile section */
		380A939D2D8DDFCB008C86B6 /* Alamofire in Frameworks */ = {isa = PBXBuildFile; productRef = 380A939C2D8DDFCB008C86B6 /* Alamofire */; };
		380A93A22D8DE021008C86B6 /* User.swift in Sources */ = {isa = PBXBuildFile; fileRef = 380A93A12D8DE021008C86B6 /* User.swift */; };
		380A93AA2D8DE29D008C86B6 /* AppConfig.swift in Sources */ = {isa = PBXBuildFile; fileRef = 380A93A92D8DE29D008C86B6 /* AppConfig.swift */; };
		380A93B12D8DE86E008C86B6 /* Repo.swift in Sources */ = {isa = PBXBuildFile; fileRef = 380A93B02D8DE86E008C86B6 /* Repo.swift */; };
		380A93B32D8DE9FB008C86B6 /* Tag.swift in Sources */ = {isa = PBXBuildFile; fileRef = 380A93B22D8DE9FB008C86B6 /* Tag.swift */; };
		380A93B52D8DF59E008C86B6 /* AppRouter.swift in Sources */ = {isa = PBXBuildFile; fileRef = 380A93B42D8DF59E008C86B6 /* AppRouter.swift */; };
		380A93B72D8DF610008C86B6 /* ReposView.swift in Sources */ = {isa = PBXBuildFile; fileRef = 380A93B62D8DF610008C86B6 /* ReposView.swift */; };
		380A93B92D8DF61F008C86B6 /* RepoDetailsView.swift in Sources */ = {isa = PBXBuildFile; fileRef = 380A93B82D8DF61F008C86B6 /* RepoDetailsView.swift */; };
		380A93BB2D8DF979008C86B6 /* ApiEndpoint.swift in Sources */ = {isa = PBXBuildFile; fileRef = 380A93BA2D8DF979008C86B6 /* ApiEndpoint.swift */; };
		380A93BD2D8DF9EE008C86B6 /* NetworkError.swift in Sources */ = {isa = PBXBuildFile; fileRef = 380A93BC2D8DF9EE008C86B6 /* NetworkError.swift */; };
		380A93BF2D8DFA18008C86B6 /* NetworkManager.swift in Sources */ = {isa = PBXBuildFile; fileRef = 380A93BE2D8DFA18008C86B6 /* NetworkManager.swift */; };
		380A93C12D8EBA2A008C86B6 /* UserRepoEndpoint.swift in Sources */ = {isa = PBXBuildFile; fileRef = 380A93C02D8EBA2A008C86B6 /* UserRepoEndpoint.swift */; };
		380A93C32D8EBDF4008C86B6 /* ReposViewModel.swift in Sources */ = {isa = PBXBuildFile; fileRef = 380A93C22D8EBDF4008C86B6 /* ReposViewModel.swift */; };
		380A93C52D8EBE0D008C86B6 /* RepoDetailsViewModel.swift in Sources */ = {isa = PBXBuildFile; fileRef = 380A93C42D8EBE0D008C86B6 /* RepoDetailsViewModel.swift */; };
		380A93C82D8EC339008C86B6 /* ViewState.swift in Sources */ = {isa = PBXBuildFile; fileRef = 380A93C72D8EC338008C86B6 /* ViewState.swift */; };
/* End PBXBuildFile section */

/* Begin PBXFileReference section */
		380A938A2D8DDF1D008C86B6 /* TestApp.app */ = {isa = PBXFileReference; explicitFileType = wrapper.application; includeInIndex = 0; path = TestApp.app; sourceTree = BUILT_PRODUCTS_DIR; };
		380A93A12D8DE021008C86B6 /* User.swift */ = {isa = PBXFileReference; lastKnownFileType = sourcecode.swift; path = User.swift; sourceTree = "<group>"; };
		380A93A92D8DE29D008C86B6 /* AppConfig.swift */ = {isa = PBXFileReference; lastKnownFileType = sourcecode.swift; path = AppConfig.swift; sourceTree = "<group>"; };
		380A93AB2D8DE352008C86B6 /* Info.plist */ = {isa = PBXFileReference; lastKnownFileType = text.plist.xml; path = Info.plist; sourceTree = "<group>"; };
		380A93AD2D8DE375008C86B6 /* Config.xcconfig */ = {isa = PBXFileReference; lastKnownFileType = text.xcconfig; path = Config.xcconfig; sourceTree = "<group>"; };
		380A93B02D8DE86E008C86B6 /* Repo.swift */ = {isa = PBXFileReference; lastKnownFileType = sourcecode.swift; path = Repo.swift; sourceTree = "<group>"; };
		380A93B22D8DE9FB008C86B6 /* Tag.swift */ = {isa = PBXFileReference; lastKnownFileType = sourcecode.swift; path = Tag.swift; sourceTree = "<group>"; };
		380A93B42D8DF59E008C86B6 /* AppRouter.swift */ = {isa = PBXFileReference; lastKnownFileType = sourcecode.swift; path = AppRouter.swift; sourceTree = "<group>"; };
		380A93B62D8DF610008C86B6 /* ReposView.swift */ = {isa = PBXFileReference; lastKnownFileType = sourcecode.swift; path = ReposView.swift; sourceTree = "<group>"; };
		380A93B82D8DF61F008C86B6 /* RepoDetailsView.swift */ = {isa = PBXFileReference; lastKnownFileType = sourcecode.swift; path = RepoDetailsView.swift; sourceTree = "<group>"; };
		380A93BA2D8DF979008C86B6 /* ApiEndpoint.swift */ = {isa = PBXFileReference; lastKnownFileType = sourcecode.swift; path = ApiEndpoint.swift; sourceTree = "<group>"; };
		380A93BC2D8DF9EE008C86B6 /* NetworkError.swift */ = {isa = PBXFileReference; lastKnownFileType = sourcecode.swift; path = NetworkError.swift; sourceTree = "<group>"; };
		380A93BE2D8DFA18008C86B6 /* NetworkManager.swift */ = {isa = PBXFileReference; lastKnownFileType = sourcecode.swift; path = NetworkManager.swift; sourceTree = "<group>"; };
		380A93C02D8EBA2A008C86B6 /* UserRepoEndpoint.swift */ = {isa = PBXFileReference; lastKnownFileType = sourcecode.swift; path = UserRepoEndpoint.swift; sourceTree = "<group>"; };
		380A93C22D8EBDF4008C86B6 /* ReposViewModel.swift */ = {isa = PBXFileReference; lastKnownFileType = sourcecode.swift; path = ReposViewModel.swift; sourceTree = "<group>"; };
		380A93C42D8EBE0D008C86B6 /* RepoDetailsViewModel.swift */ = {isa = PBXFileReference; lastKnownFileType = sourcecode.swift; path = RepoDetailsViewModel.swift; sourceTree = "<group>"; };
		380A93C72D8EC338008C86B6 /* ViewState.swift */ = {isa = PBXFileReference; lastKnownFileType = sourcecode.swift; path = ViewState.swift; sourceTree = "<group>"; };
/* End PBXFileReference section */

/* Begin PBXFileSystemSynchronizedRootGroup section */
		380A938C2D8DDF1D008C86B6 /* TestApp */ = {
			isa = PBXFileSystemSynchronizedRootGroup;
			path = TestApp;
			sourceTree = "<group>";
		};
/* End PBXFileSystemSynchronizedRootGroup section */

/* Begin PBXFrameworksBuildPhase section */
		380A93872D8DDF1D008C86B6 /* Frameworks */ = {
			isa = PBXFrameworksBuildPhase;
			buildActionMask = 2147483647;
			files = (
				380A939D2D8DDFCB008C86B6 /* Alamofire in Frameworks */,
			);
			runOnlyForDeploymentPostprocessing = 0;
		};
/* End PBXFrameworksBuildPhase section */

/* Begin PBXGroup section */
		380A93812D8DDF1C008C86B6 = {
			isa = PBXGroup;
			children = (
				380A93A02D8DDFDC008C86B6 /* Models */,
				380A93A32D8DE1B9008C86B6 /* Navigation */,
				380A93A42D8DE1C9008C86B6 /* Views */,
				380A93A52D8DE1D7008C86B6 /* ViewModels */,
				380A93A62D8DE1E9008C86B6 /* Services */,
				380A93A72D8DE1F3008C86B6 /* Resources */,
				380A93A82D8DE204008C86B6 /* Config */,
				380A93C62D8EC31C008C86B6 /* Helpers */,
				380A938C2D8DDF1D008C86B6 /* TestApp */,
				380A938B2D8DDF1D008C86B6 /* Products */,
			);
			sourceTree = "<group>";
		};
		380A938B2D8DDF1D008C86B6 /* Products */ = {
			isa = PBXGroup;
			children = (
				380A938A2D8DDF1D008C86B6 /* TestApp.app */,
			);
			name = Products;
			sourceTree = "<group>";
		};
		380A93A02D8DDFDC008C86B6 /* Models */ = {
			isa = PBXGroup;
			children = (
				380A93A12D8DE021008C86B6 /* User.swift */,
				380A93B02D8DE86E008C86B6 /* Repo.swift */,
				380A93B22D8DE9FB008C86B6 /* Tag.swift */,
			);
			path = Models;
			sourceTree = "<group>";
		};
		380A93A32D8DE1B9008C86B6 /* Navigation */ = {
			isa = PBXGroup;
			children = (
				380A93B42D8DF59E008C86B6 /* AppRouter.swift */,
			);
			path = Navigation;
			sourceTree = "<group>";
		};
		380A93A42D8DE1C9008C86B6 /* Views */ = {
			isa = PBXGroup;
			children = (
				380A93B62D8DF610008C86B6 /* ReposView.swift */,
				380A93B82D8DF61F008C86B6 /* RepoDetailsView.swift */,
			);
			path = Views;
			sourceTree = "<group>";
		};
		380A93A52D8DE1D7008C86B6 /* ViewModels */ = {
			isa = PBXGroup;
			children = (
				380A93C22D8EBDF4008C86B6 /* ReposViewModel.swift */,
				380A93C42D8EBE0D008C86B6 /* RepoDetailsViewModel.swift */,
			);
			path = ViewModels;
			sourceTree = "<group>";
		};
		380A93A62D8DE1E9008C86B6 /* Services */ = {
			isa = PBXGroup;
			children = (
				380A93BA2D8DF979008C86B6 /* ApiEndpoint.swift */,
				380A93BC2D8DF9EE008C86B6 /* NetworkError.swift */,
				380A93BE2D8DFA18008C86B6 /* NetworkManager.swift */,
				380A93C02D8EBA2A008C86B6 /* UserRepoEndpoint.swift */,
			);
			path = Services;
			sourceTree = "<group>";
		};
		380A93A72D8DE1F3008C86B6 /* Resources */ = {
			isa = PBXGroup;
			children = (
			);
			path = Resources;
			sourceTree = "<group>";
		};
		380A93A82D8DE204008C86B6 /* Config */ = {
			isa = PBXGroup;
			children = (
				380A93A92D8DE29D008C86B6 /* AppConfig.swift */,
				380A93AD2D8DE375008C86B6 /* Config.xcconfig */,
				380A93AB2D8DE352008C86B6 /* Info.plist */,
			);
			path = Config;
			sourceTree = "<group>";
		};
		380A93C62D8EC31C008C86B6 /* Helpers */ = {
			isa = PBXGroup;
			children = (
				380A93C72D8EC338008C86B6 /* ViewState.swift */,
			);
			path = Helpers;
			sourceTree = "<group>";
		};
/* End PBXGroup section */

/* Begin PBXNativeTarget section */
		380A93892D8DDF1D008C86B6 /* TestApp */ = {
			isa = PBXNativeTarget;
			buildConfigurationList = 380A93982D8DDF23008C86B6 /* Build configuration list for PBXNativeTarget "TestApp" */;
			buildPhases = (
				380A93862D8DDF1D008C86B6 /* Sources */,
				380A93872D8DDF1D008C86B6 /* Frameworks */,
				380A93882D8DDF1D008C86B6 /* Resources */,
			);
			buildRules = (
			);
			dependencies = (
			);
			fileSystemSynchronizedGroups = (
				380A938C2D8DDF1D008C86B6 /* TestApp */,
			);
			name = TestApp;
			packageProductDependencies = (
				380A939C2D8DDFCB008C86B6 /* Alamofire */,
			);
			productName = TestApp;
			productReference = 380A938A2D8DDF1D008C86B6 /* TestApp.app */;
			productType = "com.apple.product-type.application";
		};
/* End PBXNativeTarget section */

/* Begin PBXProject section */
		380A93822D8DDF1C008C86B6 /* Project object */ = {
			isa = PBXProject;
			attributes = {
				BuildIndependentTargetsInParallel = 1;
				LastSwiftUpdateCheck = 1610;
				LastUpgradeCheck = 1610;
				TargetAttributes = {
					380A93892D8DDF1D008C86B6 = {
						CreatedOnToolsVersion = 16.1;
					};
				};
			};
			buildConfigurationList = 380A93852D8DDF1C008C86B6 /* Build configuration list for PBXProject "TestApp" */;
			developmentRegion = en;
			hasScannedForEncodings = 0;
			knownRegions = (
				en,
				Base,
			);
			mainGroup = 380A93812D8DDF1C008C86B6;
			minimizedProjectReferenceProxies = 1;
			packageReferences = (
				380A939B2D8DDFCB008C86B6 /* XCRemoteSwiftPackageReference "Alamofire" */,
			);
			preferredProjectObjectVersion = 77;
			productRefGroup = 380A938B2D8DDF1D008C86B6 /* Products */;
			projectDirPath = "";
			projectRoot = "";
			targets = (
				380A93892D8DDF1D008C86B6 /* TestApp */,
			);
		};
/* End PBXProject section */

/* Begin PBXResourcesBuildPhase section */
		380A93882D8DDF1D008C86B6 /* Resources */ = {
			isa = PBXResourcesBuildPhase;
			buildActionMask = 2147483647;
			files = (
			);
			runOnlyForDeploymentPostprocessing = 0;
		};
/* End PBXResourcesBuildPhase section */

/* Begin PBXSourcesBuildPhase section */
		380A93862D8DDF1D008C86B6 /* Sources */ = {
			isa = PBXSourcesBuildPhase;
			buildActionMask = 2147483647;
			files = (
				380A93C32D8EBDF4008C86B6 /* ReposViewModel.swift in Sources */,
				380A93BF2D8DFA18008C86B6 /* NetworkManager.swift in Sources */,
				380A93B32D8DE9FB008C86B6 /* Tag.swift in Sources */,
				380A93AA2D8DE29D008C86B6 /* AppConfig.swift in Sources */,
				380A93C82D8EC339008C86B6 /* ViewState.swift in Sources */,
				380A93C12D8EBA2A008C86B6 /* UserRepoEndpoint.swift in Sources */,
				380A93B92D8DF61F008C86B6 /* RepoDetailsView.swift in Sources */,
				380A93B52D8DF59E008C86B6 /* AppRouter.swift in Sources */,
				380A93B12D8DE86E008C86B6 /* Repo.swift in Sources */,
				380A93B72D8DF610008C86B6 /* ReposView.swift in Sources */,
				380A93A22D8DE021008C86B6 /* User.swift in Sources */,
				380A93BD2D8DF9EE008C86B6 /* NetworkError.swift in Sources */,
				380A93C52D8EBE0D008C86B6 /* RepoDetailsViewModel.swift in Sources */,
				380A93BB2D8DF979008C86B6 /* ApiEndpoint.swift in Sources */,
			);
			runOnlyForDeploymentPostprocessing = 0;
		};
/* End PBXSourcesBuildPhase section */

/* Begin XCBuildConfiguration section */
		380A93962D8DDF23008C86B6 /* Debug */ = {
			isa = XCBuildConfiguration;
			baseConfigurationReference = 380A93AD2D8DE375008C86B6 /* Config.xcconfig */;
			buildSettings = {
				ALWAYS_SEARCH_USER_PATHS = NO;
				ASSETCATALOG_COMPILER_GENERATE_SWIFT_ASSET_SYMBOL_EXTENSIONS = YES;
				CLANG_ANALYZER_NONNULL = YES;
				CLANG_ANALYZER_NUMBER_OBJECT_CONVERSION = YES_AGGRESSIVE;
				CLANG_CXX_LANGUAGE_STANDARD = "gnu++20";
				CLANG_ENABLE_MODULES = YES;
				CLANG_ENABLE_OBJC_ARC = YES;
				CLANG_ENABLE_OBJC_WEAK = YES;
				CLANG_WARN_BLOCK_CAPTURE_AUTORELEASING = YES;
				CLANG_WARN_BOOL_CONVERSION = YES;
				CLANG_WARN_COMMA = YES;
				CLANG_WARN_CONSTANT_CONVERSION = YES;
				CLANG_WARN_DEPRECATED_OBJC_IMPLEMENTATIONS = YES;
				CLANG_WARN_DIRECT_OBJC_ISA_USAGE = YES_ERROR;
				CLANG_WARN_DOCUMENTATION_COMMENTS = YES;
				CLANG_WARN_EMPTY_BODY = YES;
				CLANG_WARN_ENUM_CONVERSION = YES;
				CLANG_WARN_INFINITE_RECURSION = YES;
				CLANG_WARN_INT_CONVERSION = YES;
				CLANG_WARN_NON_LITERAL_NULL_CONVERSION = YES;
				CLANG_WARN_OBJC_IMPLICIT_RETAIN_SELF = YES;
				CLANG_WARN_OBJC_LITERAL_CONVERSION = YES;
				CLANG_WARN_OBJC_ROOT_CLASS = YES_ERROR;
				CLANG_WARN_QUOTED_INCLUDE_IN_FRAMEWORK_HEADER = YES;
				CLANG_WARN_RANGE_LOOP_ANALYSIS = YES;
				CLANG_WARN_STRICT_PROTOTYPES = YES;
				CLANG_WARN_SUSPICIOUS_MOVE = YES;
				CLANG_WARN_UNGUARDED_AVAILABILITY = YES_AGGRESSIVE;
				CLANG_WARN_UNREACHABLE_CODE = YES;
				CLANG_WARN__DUPLICATE_METHOD_MATCH = YES;
				COPY_PHASE_STRIP = NO;
				DEBUG_INFORMATION_FORMAT = dwarf;
				ENABLE_STRICT_OBJC_MSGSEND = YES;
				ENABLE_TESTABILITY = YES;
				ENABLE_USER_SCRIPT_SANDBOXING = YES;
				GCC_C_LANGUAGE_STANDARD = gnu17;
				GCC_DYNAMIC_NO_PIC = NO;
				GCC_NO_COMMON_BLOCKS = YES;
				GCC_OPTIMIZATION_LEVEL = 0;
				GCC_PREPROCESSOR_DEFINITIONS = (
					"DEBUG=1",
					"$(inherited)",
				);
				GCC_WARN_64_TO_32_BIT_CONVERSION = YES;
				GCC_WARN_ABOUT_RETURN_TYPE = YES_ERROR;
				GCC_WARN_UNDECLARED_SELECTOR = YES;
				GCC_WARN_UNINITIALIZED_AUTOS = YES_AGGRESSIVE;
				GCC_WARN_UNUSED_FUNCTION = YES;
				GCC_WARN_UNUSED_VARIABLE = YES;
				IPHONEOS_DEPLOYMENT_TARGET = 18.1;
				LOCALIZATION_PREFERS_STRING_CATALOGS = YES;
				MTL_ENABLE_DEBUG_INFO = INCLUDE_SOURCE;
				MTL_FAST_MATH = YES;
				ONLY_ACTIVE_ARCH = YES;
				SDKROOT = iphoneos;
				SWIFT_ACTIVE_COMPILATION_CONDITIONS = "DEBUG $(inherited)";
				SWIFT_OPTIMIZATION_LEVEL = "-Onone";
			};
			name = Debug;
		};
		380A93972D8DDF23008C86B6 /* Release */ = {
			isa = XCBuildConfiguration;
			baseConfigurationReference = 380A93AD2D8DE375008C86B6 /* Config.xcconfig */;
			buildSettings = {
				ALWAYS_SEARCH_USER_PATHS = NO;
				ASSETCATALOG_COMPILER_GENERATE_SWIFT_ASSET_SYMBOL_EXTENSIONS = YES;
				CLANG_ANALYZER_NONNULL = YES;
				CLANG_ANALYZER_NUMBER_OBJECT_CONVERSION = YES_AGGRESSIVE;
				CLANG_CXX_LANGUAGE_STANDARD = "gnu++20";
				CLANG_ENABLE_MODULES = YES;
				CLANG_ENABLE_OBJC_ARC = YES;
				CLANG_ENABLE_OBJC_WEAK = YES;
				CLANG_WARN_BLOCK_CAPTURE_AUTORELEASING = YES;
				CLANG_WARN_BOOL_CONVERSION = YES;
				CLANG_WARN_COMMA = YES;
				CLANG_WARN_CONSTANT_CONVERSION = YES;
				CLANG_WARN_DEPRECATED_OBJC_IMPLEMENTATIONS = YES;
				CLANG_WARN_DIRECT_OBJC_ISA_USAGE = YES_ERROR;
				CLANG_WARN_DOCUMENTATION_COMMENTS = YES;
				CLANG_WARN_EMPTY_BODY = YES;
				CLANG_WARN_ENUM_CONVERSION = YES;
				CLANG_WARN_INFINITE_RECURSION = YES;
				CLANG_WARN_INT_CONVERSION = YES;
				CLANG_WARN_NON_LITERAL_NULL_CONVERSION = YES;
				CLANG_WARN_OBJC_IMPLICIT_RETAIN_SELF = YES;
				CLANG_WARN_OBJC_LITERAL_CONVERSION = YES;
				CLANG_WARN_OBJC_ROOT_CLASS = YES_ERROR;
				CLANG_WARN_QUOTED_INCLUDE_IN_FRAMEWORK_HEADER = YES;
				CLANG_WARN_RANGE_LOOP_ANALYSIS = YES;
				CLANG_WARN_STRICT_PROTOTYPES = YES;
				CLANG_WARN_SUSPICIOUS_MOVE = YES;
				CLANG_WARN_UNGUARDED_AVAILABILITY = YES_AGGRESSIVE;
				CLANG_WARN_UNREACHABLE_CODE = YES;
				CLANG_WARN__DUPLICATE_METHOD_MATCH = YES;
				COPY_PHASE_STRIP = NO;
				DEBUG_INFORMATION_FORMAT = "dwarf-with-dsym";
				ENABLE_NS_ASSERTIONS = NO;
				ENABLE_STRICT_OBJC_MSGSEND = YES;
				ENABLE_USER_SCRIPT_SANDBOXING = YES;
				GCC_C_LANGUAGE_STANDARD = gnu17;
				GCC_NO_COMMON_BLOCKS = YES;
				GCC_WARN_64_TO_32_BIT_CONVERSION = YES;
				GCC_WARN_ABOUT_RETURN_TYPE = YES_ERROR;
				GCC_WARN_UNDECLARED_SELECTOR = YES;
				GCC_WARN_UNINITIALIZED_AUTOS = YES_AGGRESSIVE;
				GCC_WARN_UNUSED_FUNCTION = YES;
				GCC_WARN_UNUSED_VARIABLE = YES;
				IPHONEOS_DEPLOYMENT_TARGET = 18.1;
				LOCALIZATION_PREFERS_STRING_CATALOGS = YES;
				MTL_ENABLE_DEBUG_INFO = NO;
				MTL_FAST_MATH = YES;
				SDKROOT = iphoneos;
				SWIFT_COMPILATION_MODE = wholemodule;
				VALIDATE_PRODUCT = YES;
			};
			name = Release;
		};
		380A93992D8DDF23008C86B6 /* Debug */ = {
			isa = XCBuildConfiguration;
			baseConfigurationReference = 380A93AD2D8DE375008C86B6 /* Config.xcconfig */;
			buildSettings = {
				ASSETCATALOG_COMPILER_APPICON_NAME = AppIcon;
				ASSETCATALOG_COMPILER_GLOBAL_ACCENT_COLOR_NAME = AccentColor;
				CODE_SIGN_STYLE = Automatic;
				CURRENT_PROJECT_VERSION = 1;
				DEVELOPMENT_ASSET_PATHS = "\"TestApp/Preview Content\"";
				DEVELOPMENT_TEAM = 7NG5N4NR5H;
				ENABLE_PREVIEWS = YES;
				GENERATE_INFOPLIST_FILE = NO;
				INFOPLIST_FILE = Config/Info.plist;
				INFOPLIST_KEY_UIApplicationSceneManifest_Generation = YES;
				INFOPLIST_KEY_UIApplicationSupportsIndirectInputEvents = YES;
				INFOPLIST_KEY_UILaunchScreen_Generation = YES;
				INFOPLIST_KEY_UISupportedInterfaceOrientations = UIInterfaceOrientationPortrait;
				INFOPLIST_KEY_UISupportedInterfaceOrientations_iPad = "UIInterfaceOrientationLandscapeLeft UIInterfaceOrientationLandscapeRight UIInterfaceOrientationPortrait UIInterfaceOrientationPortraitUpsideDown";
				IPHONEOS_DEPLOYMENT_TARGET = 17;
				LD_RUNPATH_SEARCH_PATHS = (
					"$(inherited)",
					"@executable_path/Frameworks",
				);
				MARKETING_VERSION = 1.0;
				PRODUCT_BUNDLE_IDENTIFIER = com.test.app.TestApp;
				PRODUCT_NAME = "$(TARGET_NAME)";
				SUPPORTED_PLATFORMS = "iphoneos iphonesimulator";
				SUPPORTS_MACCATALYST = NO;
				SUPPORTS_MAC_DESIGNED_FOR_IPHONE_IPAD = NO;
				SUPPORTS_XR_DESIGNED_FOR_IPHONE_IPAD = NO;
				SWIFT_EMIT_LOC_STRINGS = YES;
				SWIFT_VERSION = 5.0;
				TARGETED_DEVICE_FAMILY = 1;
			};
			name = Debug;
		};
		380A939A2D8DDF23008C86B6 /* Release */ = {
			isa = XCBuildConfiguration;
			baseConfigurationReference = 380A93AD2D8DE375008C86B6 /* Config.xcconfig */;
			buildSettings = {
				ASSETCATALOG_COMPILER_APPICON_NAME = AppIcon;
				ASSETCATALOG_COMPILER_GLOBAL_ACCENT_COLOR_NAME = AccentColor;
				CODE_SIGN_STYLE = Automatic;
				CURRENT_PROJECT_VERSION = 1;
				DEVELOPMENT_ASSET_PATHS = "\"TestApp/Preview Content\"";
				DEVELOPMENT_TEAM = 7NG5N4NR5H;
				ENABLE_PREVIEWS = YES;
				GENERATE_INFOPLIST_FILE = NO;
				INFOPLIST_FILE = Config/Info.plist;
				INFOPLIST_KEY_UIApplicationSceneManifest_Generation = YES;
				INFOPLIST_KEY_UIApplicationSupportsIndirectInputEvents = YES;
				INFOPLIST_KEY_UILaunchScreen_Generation = YES;
				INFOPLIST_KEY_UISupportedInterfaceOrientations = UIInterfaceOrientationPortrait;
				INFOPLIST_KEY_UISupportedInterfaceOrientations_iPad = "UIInterfaceOrientationLandscapeLeft UIInterfaceOrientationLandscapeRight UIInterfaceOrientationPortrait UIInterfaceOrientationPortraitUpsideDown";
				IPHONEOS_DEPLOYMENT_TARGET = 17;
				LD_RUNPATH_SEARCH_PATHS = (
					"$(inherited)",
					"@executable_path/Frameworks",
				);
				MARKETING_VERSION = 1.0;
				PRODUCT_BUNDLE_IDENTIFIER = com.test.app.TestApp;
				PRODUCT_NAME = "$(TARGET_NAME)";
				SUPPORTED_PLATFORMS = "iphoneos iphonesimulator";
				SUPPORTS_MACCATALYST = NO;
				SUPPORTS_MAC_DESIGNED_FOR_IPHONE_IPAD = NO;
				SUPPORTS_XR_DESIGNED_FOR_IPHONE_IPAD = NO;
				SWIFT_EMIT_LOC_STRINGS = YES;
				SWIFT_VERSION = 5.0;
				TARGETED_DEVICE_FAMILY = 1;
			};
			name = Release;
		};
/* End XCBuildConfiguration section */

/* Begin XCConfigurationList section */
		380A93852D8DDF1C008C86B6 /* Build configuration list for PBXProject "TestApp" */ = {
			isa = XCConfigurationList;
			buildConfigurations = (
				380A93962D8DDF23008C86B6 /* Debug */,
				380A93972D8DDF23008C86B6 /* Release */,
			);
			defaultConfigurationIsVisible = 0;
			defaultConfigurationName = Release;
		};
		380A93982D8DDF23008C86B6 /* Build configuration list for PBXNativeTarget "TestApp" */ = {
			isa = XCConfigurationList;
			buildConfigurations = (
				380A93992D8DDF23008C86B6 /* Debug */,
				380A939A2D8DDF23008C86B6 /* Release */,
			);
			defaultConfigurationIsVisible = 0;
			defaultConfigurationName = Release;
		};
/* End XCConfigurationList section */

/* Begin XCRemoteSwiftPackageReference section */
		380A939B2D8DDFCB008C86B6 /* XCRemoteSwiftPackageReference "Alamofire" */ = {
			isa = XCRemoteSwiftPackageReference;
			repositoryURL = "https://github.com/Alamofire/Alamofire.git";
			requirement = {
				kind = upToNextMajorVersion;
				minimumVersion = 5.10.2;
			};
		};
/* End XCRemoteSwiftPackageReference section */

/* Begin XCSwiftPackageProductDependency section */
		380A939C2D8DDFCB008C86B6 /* Alamofire */ = {
			isa = XCSwiftPackageProductDependency;
			package = 380A939B2D8DDFCB008C86B6 /* XCRemoteSwiftPackageReference "Alamofire" */;
			productName = Alamofire;
		};
/* End XCSwiftPackageProductDependency section */
	};
	rootObject = 380A93822D8DDF1C008C86B6 /* Project object */;
}
